// !$*UTF8*$!
{
	archiveVersion = 1;
	classes = {
	};
	objectVersion = 46;
	objects = {

/* Begin PBXBuildFile section */
		08F99043304E977BF59CF4C1 /* Pods_FunctionFun.framework in Frameworks */ = {isa = PBXBuildFile; fileRef = DE2AF9680A7AA603B9CBE712 /* Pods_FunctionFun.framework */; };
		7DC827D91D42A8A8008EDD80 /* AppDelegate.swift in Sources */ = {isa = PBXBuildFile; fileRef = 7DC827D81D42A8A8008EDD80 /* AppDelegate.swift */; };
		7DC827DB1D42A8A8008EDD80 /* ViewController.swift in Sources */ = {isa = PBXBuildFile; fileRef = 7DC827DA1D42A8A8008EDD80 /* ViewController.swift */; };
		7DC827DE1D42A8A8008EDD80 /* Main.storyboard in Resources */ = {isa = PBXBuildFile; fileRef = 7DC827DC1D42A8A8008EDD80 /* Main.storyboard */; };
		7DC827E01D42A8A8008EDD80 /* Assets.xcassets in Resources */ = {isa = PBXBuildFile; fileRef = 7DC827DF1D42A8A8008EDD80 /* Assets.xcassets */; };
		7DC827E31D42A8A8008EDD80 /* LaunchScreen.storyboard in Resources */ = {isa = PBXBuildFile; fileRef = 7DC827E11D42A8A8008EDD80 /* LaunchScreen.storyboard */; };
		7DC827EE1D42A8A8008EDD80 /* FunctionFunTests.swift in Sources */ = {isa = PBXBuildFile; fileRef = 7DC827ED1D42A8A8008EDD80 /* FunctionFunTests.swift */; };
		7DC827FB1D42B340008EDD80 /* ViewControllerTests.swift in Sources */ = {isa = PBXBuildFile; fileRef = 7DC827FA1D42B340008EDD80 /* ViewControllerTests.swift */; };
		E1BBCC5757446E1F93E42568 /* Pods_FunctionFunTests.framework in Frameworks */ = {isa = PBXBuildFile; fileRef = 980202B04093C8420F8714BC /* Pods_FunctionFunTests.framework */; };
/* End PBXBuildFile section */

/* Begin PBXContainerItemProxy section */
		7DC827EA1D42A8A8008EDD80 /* PBXContainerItemProxy */ = {
			isa = PBXContainerItemProxy;
			containerPortal = 7DC827CD1D42A8A8008EDD80 /* Project object */;
			proxyType = 1;
			remoteGlobalIDString = 7DC827D41D42A8A8008EDD80;
			remoteInfo = FunctionFun;
		};
/* End PBXContainerItemProxy section */

/* Begin PBXFileReference section */
		5EE1A158BC4936EA04210C24 /* Pods-FunctionFun.release.xcconfig */ = {isa = PBXFileReference; includeInIndex = 1; lastKnownFileType = text.xcconfig; name = "Pods-FunctionFun.release.xcconfig"; path = "Pods/Target Support Files/Pods-FunctionFun/Pods-FunctionFun.release.xcconfig"; sourceTree = "<group>"; };
		69576AF8790BEE03D3739CDA /* Pods-FunctionFunTests.release.xcconfig */ = {isa = PBXFileReference; includeInIndex = 1; lastKnownFileType = text.xcconfig; name = "Pods-FunctionFunTests.release.xcconfig"; path = "Pods/Target Support Files/Pods-FunctionFunTests/Pods-FunctionFunTests.release.xcconfig"; sourceTree = "<group>"; };
		7DC827D51D42A8A8008EDD80 /* FunctionFun.app */ = {isa = PBXFileReference; explicitFileType = wrapper.application; includeInIndex = 0; path = FunctionFun.app; sourceTree = BUILT_PRODUCTS_DIR; };
		7DC827D81D42A8A8008EDD80 /* AppDelegate.swift */ = {isa = PBXFileReference; lastKnownFileType = sourcecode.swift; path = AppDelegate.swift; sourceTree = "<group>"; };
		7DC827DA1D42A8A8008EDD80 /* ViewController.swift */ = {isa = PBXFileReference; lastKnownFileType = sourcecode.swift; path = ViewController.swift; sourceTree = "<group>"; };
		7DC827DD1D42A8A8008EDD80 /* Base */ = {isa = PBXFileReference; lastKnownFileType = file.storyboard; name = Base; path = Base.lproj/Main.storyboard; sourceTree = "<group>"; };
		7DC827DF1D42A8A8008EDD80 /* Assets.xcassets */ = {isa = PBXFileReference; lastKnownFileType = folder.assetcatalog; path = Assets.xcassets; sourceTree = "<group>"; };
		7DC827E21D42A8A8008EDD80 /* Base */ = {isa = PBXFileReference; lastKnownFileType = file.storyboard; name = Base; path = Base.lproj/LaunchScreen.storyboard; sourceTree = "<group>"; };
		7DC827E41D42A8A8008EDD80 /* Info.plist */ = {isa = PBXFileReference; lastKnownFileType = text.plist.xml; path = Info.plist; sourceTree = "<group>"; };
		7DC827E91D42A8A8008EDD80 /* FunctionFunTests.xctest */ = {isa = PBXFileReference; explicitFileType = wrapper.cfbundle; includeInIndex = 0; path = FunctionFunTests.xctest; sourceTree = BUILT_PRODUCTS_DIR; };
		7DC827ED1D42A8A8008EDD80 /* FunctionFunTests.swift */ = {isa = PBXFileReference; lastKnownFileType = sourcecode.swift; path = FunctionFunTests.swift; sourceTree = "<group>"; };
		7DC827EF1D42A8A8008EDD80 /* Info.plist */ = {isa = PBXFileReference; lastKnownFileType = text.plist.xml; path = Info.plist; sourceTree = "<group>"; };
		7DC827FA1D42B340008EDD80 /* ViewControllerTests.swift */ = {isa = PBXFileReference; fileEncoding = 4; lastKnownFileType = sourcecode.swift; path = ViewControllerTests.swift; sourceTree = "<group>"; };
		980202B04093C8420F8714BC /* Pods_FunctionFunTests.framework */ = {isa = PBXFileReference; explicitFileType = wrapper.framework; includeInIndex = 0; path = Pods_FunctionFunTests.framework; sourceTree = BUILT_PRODUCTS_DIR; };
		AAF83352C768FF0B55185CA3 /* Pods-FunctionFunTests.debug.xcconfig */ = {isa = PBXFileReference; includeInIndex = 1; lastKnownFileType = text.xcconfig; name = "Pods-FunctionFunTests.debug.xcconfig"; path = "Pods/Target Support Files/Pods-FunctionFunTests/Pods-FunctionFunTests.debug.xcconfig"; sourceTree = "<group>"; };
		D5A3FFBA77EF2C07744F9A24 /* Pods-FunctionFun.debug.xcconfig */ = {isa = PBXFileReference; includeInIndex = 1; lastKnownFileType = text.xcconfig; name = "Pods-FunctionFun.debug.xcconfig"; path = "Pods/Target Support Files/Pods-FunctionFun/Pods-FunctionFun.debug.xcconfig"; sourceTree = "<group>"; };
		DE2AF9680A7AA603B9CBE712 /* Pods_FunctionFun.framework */ = {isa = PBXFileReference; explicitFileType = wrapper.framework; includeInIndex = 0; path = Pods_FunctionFun.framework; sourceTree = BUILT_PRODUCTS_DIR; };
/* End PBXFileReference section */

/* Begin PBXFrameworksBuildPhase section */
		7DC827D21D42A8A8008EDD80 /* Frameworks */ = {
			isa = PBXFrameworksBuildPhase;
			buildActionMask = 2147483647;
			files = (
				08F99043304E977BF59CF4C1 /* Pods_FunctionFun.framework in Frameworks */,
			);
			runOnlyForDeploymentPostprocessing = 0;
		};
		7DC827E61D42A8A8008EDD80 /* Frameworks */ = {
			isa = PBXFrameworksBuildPhase;
			buildActionMask = 2147483647;
			files = (
				E1BBCC5757446E1F93E42568 /* Pods_FunctionFunTests.framework in Frameworks */,
			);
			runOnlyForDeploymentPostprocessing = 0;
		};
/* End PBXFrameworksBuildPhase section */

/* Begin PBXGroup section */
		38B9FAC9D58473E0E2939CD0 /* Pods */ = {
			isa = PBXGroup;
			children = (
				D5A3FFBA77EF2C07744F9A24 /* Pods-FunctionFun.debug.xcconfig */,
				5EE1A158BC4936EA04210C24 /* Pods-FunctionFun.release.xcconfig */,
				AAF83352C768FF0B55185CA3 /* Pods-FunctionFunTests.debug.xcconfig */,
				69576AF8790BEE03D3739CDA /* Pods-FunctionFunTests.release.xcconfig */,
			);
			name = Pods;
			sourceTree = "<group>";
		};
		7DC827CC1D42A8A8008EDD80 = {
			isa = PBXGroup;
			children = (
				7DC827D71D42A8A8008EDD80 /* FunctionFun */,
				7DC827EC1D42A8A8008EDD80 /* FunctionFunTests */,
				7DC827D61D42A8A8008EDD80 /* Products */,
				38B9FAC9D58473E0E2939CD0 /* Pods */,
				81514F6FDA4FDA3C42103EBE /* Frameworks */,
			);
			sourceTree = "<group>";
		};
		7DC827D61D42A8A8008EDD80 /* Products */ = {
			isa = PBXGroup;
			children = (
				7DC827D51D42A8A8008EDD80 /* FunctionFun.app */,
				7DC827E91D42A8A8008EDD80 /* FunctionFunTests.xctest */,
			);
			name = Products;
			sourceTree = "<group>";
		};
		7DC827D71D42A8A8008EDD80 /* FunctionFun */ = {
			isa = PBXGroup;
			children = (
				7DC827DA1D42A8A8008EDD80 /* ViewController.swift */,
				7DC827F91D42AAAF008EDD80 /* Supporting Files */,
			);
			path = FunctionFun;
			sourceTree = "<group>";
		};
		7DC827EC1D42A8A8008EDD80 /* FunctionFunTests */ = {
			isa = PBXGroup;
			children = (
				7DC827F81D42AAA0008EDD80 /* Supporting Files-Test */,
				7DC827FA1D42B340008EDD80 /* ViewControllerTests.swift */,
			);
			path = FunctionFunTests;
			sourceTree = "<group>";
		};
		7DC827F81D42AAA0008EDD80 /* Supporting Files-Test */ = {
			isa = PBXGroup;
			children = (
				7DC827ED1D42A8A8008EDD80 /* FunctionFunTests.swift */,
				7DC827EF1D42A8A8008EDD80 /* Info.plist */,
			);
			name = "Supporting Files-Test";
			sourceTree = "<group>";
		};
		7DC827F91D42AAAF008EDD80 /* Supporting Files */ = {
			isa = PBXGroup;
			children = (
				7DC827D81D42A8A8008EDD80 /* AppDelegate.swift */,
				7DC827DC1D42A8A8008EDD80 /* Main.storyboard */,
				7DC827DF1D42A8A8008EDD80 /* Assets.xcassets */,
				7DC827E11D42A8A8008EDD80 /* LaunchScreen.storyboard */,
				7DC827E41D42A8A8008EDD80 /* Info.plist */,
			);
			name = "Supporting Files";
			sourceTree = "<group>";
		};
		81514F6FDA4FDA3C42103EBE /* Frameworks */ = {
			isa = PBXGroup;
			children = (
				DE2AF9680A7AA603B9CBE712 /* Pods_FunctionFun.framework */,
				980202B04093C8420F8714BC /* Pods_FunctionFunTests.framework */,
			);
			name = Frameworks;
			sourceTree = "<group>";
		};
/* End PBXGroup section */

/* Begin PBXNativeTarget section */
		7DC827D41D42A8A8008EDD80 /* FunctionFun */ = {
			isa = PBXNativeTarget;
			buildConfigurationList = 7DC827F21D42A8A8008EDD80 /* Build configuration list for PBXNativeTarget "FunctionFun" */;
			buildPhases = (
				A70B3BE894BE41ADC36E926E /* [CP] Check Pods Manifest.lock */,
				7DC827D11D42A8A8008EDD80 /* Sources */,
				7DC827D21D42A8A8008EDD80 /* Frameworks */,
				7DC827D31D42A8A8008EDD80 /* Resources */,
				63FBDC292DB79F82D30C2BDE /* [CP] Embed Pods Frameworks */,
				5A1ACD996C7B11E5D27C3861 /* [CP] Copy Pods Resources */,
			);
			buildRules = (
			);
			dependencies = (
			);
			name = FunctionFun;
			productName = FunctionFun;
			productReference = 7DC827D51D42A8A8008EDD80 /* FunctionFun.app */;
			productType = "com.apple.product-type.application";
		};
		7DC827E81D42A8A8008EDD80 /* FunctionFunTests */ = {
			isa = PBXNativeTarget;
			buildConfigurationList = 7DC827F51D42A8A8008EDD80 /* Build configuration list for PBXNativeTarget "FunctionFunTests" */;
			buildPhases = (
				A57953F5712D9C41BBED59B7 /* [CP] Check Pods Manifest.lock */,
				7DC827E51D42A8A8008EDD80 /* Sources */,
				7DC827E61D42A8A8008EDD80 /* Frameworks */,
				7DC827E71D42A8A8008EDD80 /* Resources */,
				4CB6799842585B165A771BE1 /* [CP] Embed Pods Frameworks */,
				706C2C696CBE0CB1B91A7B35 /* [CP] Copy Pods Resources */,
			);
			buildRules = (
			);
			dependencies = (
				7DC827EB1D42A8A8008EDD80 /* PBXTargetDependency */,
			);
			name = FunctionFunTests;
			productName = FunctionFunTests;
			productReference = 7DC827E91D42A8A8008EDD80 /* FunctionFunTests.xctest */;
			productType = "com.apple.product-type.bundle.unit-test";
		};
/* End PBXNativeTarget section */

/* Begin PBXProject section */
		7DC827CD1D42A8A8008EDD80 /* Project object */ = {
			isa = PBXProject;
			attributes = {
				LastSwiftUpdateCheck = 0730;
				LastUpgradeCheck = 0730;
				ORGANIZATIONNAME = "Gamesmith, LLC";
				TargetAttributes = {
					7DC827D41D42A8A8008EDD80 = {
						CreatedOnToolsVersion = 7.3.1;
					};
					7DC827E81D42A8A8008EDD80 = {
						CreatedOnToolsVersion = 7.3.1;
						TestTargetID = 7DC827D41D42A8A8008EDD80;
					};
				};
			};
			buildConfigurationList = 7DC827D01D42A8A8008EDD80 /* Build configuration list for PBXProject "FunctionFun" */;
			compatibilityVersion = "Xcode 3.2";
			developmentRegion = English;
			hasScannedForEncodings = 0;
			knownRegions = (
				en,
				Base,
			);
			mainGroup = 7DC827CC1D42A8A8008EDD80;
			productRefGroup = 7DC827D61D42A8A8008EDD80 /* Products */;
			projectDirPath = "";
			projectRoot = "";
			targets = (
				7DC827D41D42A8A8008EDD80 /* FunctionFun */,
				7DC827E81D42A8A8008EDD80 /* FunctionFunTests */,
			);
		};
/* End PBXProject section */

/* Begin PBXResourcesBuildPhase section */
		7DC827D31D42A8A8008EDD80 /* Resources */ = {
			isa = PBXResourcesBuildPhase;
			buildActionMask = 2147483647;
			files = (
				7DC827E31D42A8A8008EDD80 /* LaunchScreen.storyboard in Resources */,
				7DC827E01D42A8A8008EDD80 /* Assets.xcassets in Resources */,
				7DC827DE1D42A8A8008EDD80 /* Main.storyboard in Resources */,
			);
			runOnlyForDeploymentPostprocessing = 0;
		};
		7DC827E71D42A8A8008EDD80 /* Resources */ = {
			isa = PBXResourcesBuildPhase;
			buildActionMask = 2147483647;
			files = (
			);
			runOnlyForDeploymentPostprocessing = 0;
		};
/* End PBXResourcesBuildPhase section */

/* Begin PBXShellScriptBuildPhase section */
		4CB6799842585B165A771BE1 /* [CP] Embed Pods Frameworks */ = {
			isa = PBXShellScriptBuildPhase;
			buildActionMask = 2147483647;
			files = (
			);
			inputPaths = (
			);
			name = "[CP] Embed Pods Frameworks";
			outputPaths = (
			);
			runOnlyForDeploymentPostprocessing = 0;
			shellPath = /bin/sh;
			shellScript = "\"${SRCROOT}/Pods/Target Support Files/Pods-FunctionFunTests/Pods-FunctionFunTests-frameworks.sh\"\n";
			showEnvVarsInLog = 0;
		};
		5A1ACD996C7B11E5D27C3861 /* [CP] Copy Pods Resources */ = {
			isa = PBXShellScriptBuildPhase;
			buildActionMask = 2147483647;
			files = (
			);
			inputPaths = (
			);
			name = "[CP] Copy Pods Resources";
			outputPaths = (
			);
			runOnlyForDeploymentPostprocessing = 0;
			shellPath = /bin/sh;
			shellScript = "\"${SRCROOT}/Pods/Target Support Files/Pods-FunctionFun/Pods-FunctionFun-resources.sh\"\n";
			showEnvVarsInLog = 0;
		};
		63FBDC292DB79F82D30C2BDE /* [CP] Embed Pods Frameworks */ = {
			isa = PBXShellScriptBuildPhase;
			buildActionMask = 2147483647;
			files = (
			);
			inputPaths = (
			);
			name = "[CP] Embed Pods Frameworks";
			outputPaths = (
			);
			runOnlyForDeploymentPostprocessing = 0;
			shellPath = /bin/sh;
			shellScript = "\"${SRCROOT}/Pods/Target Support Files/Pods-FunctionFun/Pods-FunctionFun-frameworks.sh\"\n";
			showEnvVarsInLog = 0;
		};
		706C2C696CBE0CB1B91A7B35 /* [CP] Copy Pods Resources */ = {
			isa = PBXShellScriptBuildPhase;
			buildActionMask = 2147483647;
			files = (
			);
			inputPaths = (
			);
			name = "[CP] Copy Pods Resources";
			outputPaths = (
			);
			runOnlyForDeploymentPostprocessing = 0;
			shellPath = /bin/sh;
			shellScript = "\"${SRCROOT}/Pods/Target Support Files/Pods-FunctionFunTests/Pods-FunctionFunTests-resources.sh\"\n";
			showEnvVarsInLog = 0;
		};
		A57953F5712D9C41BBED59B7 /* [CP] Check Pods Manifest.lock */ = {
			isa = PBXShellScriptBuildPhase;
			buildActionMask = 2147483647;
			files = (
			);
			inputPaths = (
			);
			name = "[CP] Check Pods Manifest.lock";
			outputPaths = (
			);
			runOnlyForDeploymentPostprocessing = 0;
			shellPath = /bin/sh;
			shellScript = "diff \"${PODS_ROOT}/../Podfile.lock\" \"${PODS_ROOT}/Manifest.lock\" > /dev/null\nif [[ $? != 0 ]] ; then\n    cat << EOM\nerror: The sandbox is not in sync with the Podfile.lock. Run 'pod install' or update your CocoaPods installation.\nEOM\n    exit 1\nfi\n";
			showEnvVarsInLog = 0;
		};
		A70B3BE894BE41ADC36E926E /* [CP] Check Pods Manifest.lock */ = {
			isa = PBXShellScriptBuildPhase;
			buildActionMask = 2147483647;
			files = (
			);
			inputPaths = (
			);
			name = "[CP] Check Pods Manifest.lock";
			outputPaths = (
			);
			runOnlyForDeploymentPostprocessing = 0;
			shellPath = /bin/sh;
			shellScript = "diff \"${PODS_ROOT}/../Podfile.lock\" \"${PODS_ROOT}/Manifest.lock\" > /dev/null\nif [[ $? != 0 ]] ; then\n    cat << EOM\nerror: The sandbox is not in sync with the Podfile.lock. Run 'pod install' or update your CocoaPods installation.\nEOM\n    exit 1\nfi\n";
			showEnvVarsInLog = 0;
		};
/* End PBXShellScriptBuildPhase section */

/* Begin PBXSourcesBuildPhase section */
		7DC827D11D42A8A8008EDD80 /* Sources */ = {
			isa = PBXSourcesBuildPhase;
			buildActionMask = 2147483647;
			files = (
				7DC827DB1D42A8A8008EDD80 /* ViewController.swift in Sources */,
				7DC827D91D42A8A8008EDD80 /* AppDelegate.swift in Sources */,
			);
			runOnlyForDeploymentPostprocessing = 0;
		};
		7DC827E51D42A8A8008EDD80 /* Sources */ = {
			isa = PBXSourcesBuildPhase;
			buildActionMask = 2147483647;
			files = (
				7DC827FB1D42B340008EDD80 /* ViewControllerTests.swift in Sources */,
				7DC827EE1D42A8A8008EDD80 /* FunctionFunTests.swift in Sources */,
			);
			runOnlyForDeploymentPostprocessing = 0;
		};
/* End PBXSourcesBuildPhase section */

/* Begin PBXTargetDependency section */
		7DC827EB1D42A8A8008EDD80 /* PBXTargetDependency */ = {
			isa = PBXTargetDependency;
			target = 7DC827D41D42A8A8008EDD80 /* FunctionFun */;
			targetProxy = 7DC827EA1D42A8A8008EDD80 /* PBXContainerItemProxy */;
		};
/* End PBXTargetDependency section */

/* Begin PBXVariantGroup section */
		7DC827DC1D42A8A8008EDD80 /* Main.storyboard */ = {
			isa = PBXVariantGroup;
			children = (
				7DC827DD1D42A8A8008EDD80 /* Base */,
			);
			name = Main.storyboard;
			sourceTree = "<group>";
		};
		7DC827E11D42A8A8008EDD80 /* LaunchScreen.storyboard */ = {
			isa = PBXVariantGroup;
			children = (
				7DC827E21D42A8A8008EDD80 /* Base */,
			);
			name = LaunchScreen.storyboard;
			sourceTree = "<group>";
		};
/* End PBXVariantGroup section */

/* Begin XCBuildConfiguration section */
		7DC827F01D42A8A8008EDD80 /* Debug */ = {
			isa = XCBuildConfiguration;
			buildSettings = {
				ALWAYS_SEARCH_USER_PATHS = NO;
				CLANG_ANALYZER_NONNULL = YES;
				CLANG_CXX_LANGUAGE_STANDARD = "gnu++0x";
				CLANG_CXX_LIBRARY = "libc++";
				CLANG_ENABLE_MODULES = YES;
				CLANG_ENABLE_OBJC_ARC = YES;
				CLANG_WARN_BOOL_CONVERSION = YES;
				CLANG_WARN_CONSTANT_CONVERSION = YES;
				CLANG_WARN_DIRECT_OBJC_ISA_USAGE = YES_ERROR;
				CLANG_WARN_EMPTY_BODY = YES;
				CLANG_WARN_ENUM_CONVERSION = YES;
				CLANG_WARN_INT_CONVERSION = YES;
				CLANG_WARN_OBJC_ROOT_CLASS = YES_ERROR;
				CLANG_WARN_UNREACHABLE_CODE = YES;
				CLANG_WARN__DUPLICATE_METHOD_MATCH = YES;
				"CODE_SIGN_IDENTITY[sdk=iphoneos*]" = "iPhone Developer";
				COPY_PHASE_STRIP = NO;
				DEBUG_INFORMATION_FORMAT = dwarf;
				ENABLE_STRICT_OBJC_MSGSEND = YES;
				ENABLE_TESTABILITY = YES;
				GCC_C_LANGUAGE_STANDARD = gnu99;
				GCC_DYNAMIC_NO_PIC = NO;
				GCC_NO_COMMON_BLOCKS = YES;
				GCC_OPTIMIZATION_LEVEL = 0;
				GCC_PREPROCESSOR_DEFINITIONS = (
					"DEBUG=1",
					"$(inherited)",
				);
				GCC_WARN_64_TO_32_BIT_CONVERSION = YES;
				GCC_WARN_ABOUT_RETURN_TYPE = YES_ERROR;
				GCC_WARN_UNDECLARED_SELECTOR = YES;
				GCC_WARN_UNINITIALIZED_AUTOS = YES_AGGRESSIVE;
				GCC_WARN_UNUSED_FUNCTION = YES;
				GCC_WARN_UNUSED_VARIABLE = YES;
				IPHONEOS_DEPLOYMENT_TARGET = 9.3;
				MTL_ENABLE_DEBUG_INFO = YES;
				ONLY_ACTIVE_ARCH = YES;
				SDKROOT = iphoneos;
				SWIFT_OPTIMIZATION_LEVEL = "-Onone";
			};
			name = Debug;
		};
		7DC827F11D42A8A8008EDD80 /* Release */ = {
			isa = XCBuildConfiguration;
			buildSettings = {
				ALWAYS_SEARCH_USER_PATHS = NO;
				CLANG_ANALYZER_NONNULL = YES;
				CLANG_CXX_LANGUAGE_STANDARD = "gnu++0x";
				CLANG_CXX_LIBRARY = "libc++";
				CLANG_ENABLE_MODULES = YES;
				CLANG_ENABLE_OBJC_ARC = YES;
				CLANG_WARN_BOOL_CONVERSION = YES;
				CLANG_WARN_CONSTANT_CONVERSION = YES;
				CLANG_WARN_DIRECT_OBJC_ISA_USAGE = YES_ERROR;
				CLANG_WARN_EMPTY_BODY = YES;
				CLANG_WARN_ENUM_CONVERSION = YES;
				CLANG_WARN_INT_CONVERSION = YES;
				CLANG_WARN_OBJC_ROOT_CLASS = YES_ERROR;
				CLANG_WARN_UNREACHABLE_CODE = YES;
				CLANG_WARN__DUPLICATE_METHOD_MATCH = YES;
				"CODE_SIGN_IDENTITY[sdk=iphoneos*]" = "iPhone Developer";
				COPY_PHASE_STRIP = NO;
				DEBUG_INFORMATION_FORMAT = "dwarf-with-dsym";
				ENABLE_NS_ASSERTIONS = NO;
				ENABLE_STRICT_OBJC_MSGSEND = YES;
				GCC_C_LANGUAGE_STANDARD = gnu99;
				GCC_NO_COMMON_BLOCKS = YES;
				GCC_WARN_64_TO_32_BIT_CONVERSION = YES;
				GCC_WARN_ABOUT_RETURN_TYPE = YES_ERROR;
				GCC_WARN_UNDECLARED_SELECTOR = YES;
				GCC_WARN_UNINITIALIZED_AUTOS = YES_AGGRESSIVE;
				GCC_WARN_UNUSED_FUNCTION = YES;
				GCC_WARN_UNUSED_VARIABLE = YES;
				IPHONEOS_DEPLOYMENT_TARGET = 9.3;
				MTL_ENABLE_DEBUG_INFO = NO;
				SDKROOT = iphoneos;
				VALIDATE_PRODUCT = YES;
			};
			name = Release;
		};
		7DC827F31D42A8A8008EDD80 /* Debug */ = {
			isa = XCBuildConfiguration;
			baseConfigurationReference = D5A3FFBA77EF2C07744F9A24 /* Pods-FunctionFun.debug.xcconfig */;
			buildSettings = {
				ASSETCATALOG_COMPILER_APPICON_NAME = AppIcon;
				INFOPLIST_FILE = FunctionFun/Info.plist;
				LD_RUNPATH_SEARCH_PATHS = "$(inherited) @executable_path/Frameworks";
				PRODUCT_BUNDLE_IDENTIFIER = com.Gamesmith.Swift.FunctionFun;
				PRODUCT_NAME = "$(TARGET_NAME)";
			};
			name = Debug;
		};
		7DC827F41D42A8A8008EDD80 /* Release */ = {
			isa = XCBuildConfiguration;
			baseConfigurationReference = 5EE1A158BC4936EA04210C24 /* Pods-FunctionFun.release.xcconfig */;
			buildSettings = {
				ASSETCATALOG_COMPILER_APPICON_NAME = AppIcon;
				INFOPLIST_FILE = FunctionFun/Info.plist;
				LD_RUNPATH_SEARCH_PATHS = "$(inherited) @executable_path/Frameworks";
				PRODUCT_BUNDLE_IDENTIFIER = com.Gamesmith.Swift.FunctionFun;
				PRODUCT_NAME = "$(TARGET_NAME)";
			};
			name = Release;
		};
		7DC827F61D42A8A8008EDD80 /* Debug */ = {
			isa = XCBuildConfiguration;
			baseConfigurationReference = AAF83352C768FF0B55185CA3 /* Pods-FunctionFunTests.debug.xcconfig */;
			buildSettings = {
				BUNDLE_LOADER = "$(TEST_HOST)";
				INFOPLIST_FILE = FunctionFunTests/Info.plist;
				IPHONEOS_DEPLOYMENT_TARGET = 9.2;
				LD_RUNPATH_SEARCH_PATHS = "$(inherited) @executable_path/Frameworks @loader_path/Frameworks";
				PRODUCT_BUNDLE_IDENTIFIER = com.Gamesmith.Swift.FunctionFunTests;
				PRODUCT_NAME = "$(TARGET_NAME)";
				TEST_HOST = "$(BUILT_PRODUCTS_DIR)/FunctionFun.app/FunctionFun";
			};
			name = Debug;
		};
		7DC827F71D42A8A8008EDD80 /* Release */ = {
			isa = XCBuildConfiguration;
			baseConfigurationReference = 69576AF8790BEE03D3739CDA /* Pods-FunctionFunTests.release.xcconfig */;
			buildSettings = {
				BUNDLE_LOADER = "$(TEST_HOST)";
				INFOPLIST_FILE = FunctionFunTests/Info.plist;
				IPHONEOS_DEPLOYMENT_TARGET = 9.2;
				LD_RUNPATH_SEARCH_PATHS = "$(inherited) @executable_path/Frameworks @loader_path/Frameworks";
				PRODUCT_BUNDLE_IDENTIFIER = com.Gamesmith.Swift.FunctionFunTests;
				PRODUCT_NAME = "$(TARGET_NAME)";
				TEST_HOST = "$(BUILT_PRODUCTS_DIR)/FunctionFun.app/FunctionFun";
			};
			name = Release;
		};
/* End XCBuildConfiguration section */

/* Begin XCConfigurationList section */
		7DC827D01D42A8A8008EDD80 /* Build configuration list for PBXProject "FunctionFun" */ = {
			isa = XCConfigurationList;
			buildConfigurations = (
				7DC827F01D42A8A8008EDD80 /* Debug */,
				7DC827F11D42A8A8008EDD80 /* Release */,
			);
			defaultConfigurationIsVisible = 0;
			defaultConfigurationName = Release;
		};
		7DC827F21D42A8A8008EDD80 /* Build configuration list for PBXNativeTarget "FunctionFun" */ = {
			isa = XCConfigurationList;
			buildConfigurations = (
				7DC827F31D42A8A8008EDD80 /* Debug */,
				7DC827F41D42A8A8008EDD80 /* Release */,
			);
			defaultConfigurationIsVisible = 0;
			defaultConfigurationName = Release;
		};
		7DC827F51D42A8A8008EDD80 /* Build configuration list for PBXNativeTarget "FunctionFunTests" */ = {
			isa = XCConfigurationList;
			buildConfigurations = (
				7DC827F61D42A8A8008EDD80 /* Debug */,
				7DC827F71D42A8A8008EDD80 /* Release */,
			);
			defaultConfigurationIsVisible = 0;
			defaultConfigurationName = Release;
		};
/* End XCConfigurationList section */
	};
	rootObject = 7DC827CD1D42A8A8008EDD80 /* Project object */;
}
