// !$*UTF8*$!
{
	archiveVersion = 1;
	classes = {
	};
	objectVersion = 46;
	objects = {

/* Begin PBXBuildFile section */
		7D6CD3621E2543E1005E3AF4 /* AppDelegate.swift in Sources */ = {isa = PBXBuildFile; fileRef = 7D6CD3611E2543E1005E3AF4 /* AppDelegate.swift */; };
		7D6CD3641E2543E1005E3AF4 /* ViewController.swift in Sources */ = {isa = PBXBuildFile; fileRef = 7D6CD3631E2543E1005E3AF4 /* ViewController.swift */; };
		7D6CD3671E2543E1005E3AF4 /* Main.storyboard in Resources */ = {isa = PBXBuildFile; fileRef = 7D6CD3651E2543E1005E3AF4 /* Main.storyboard */; };
		7D6CD3691E2543E1005E3AF4 /* Assets.xcassets in Resources */ = {isa = PBXBuildFile; fileRef = 7D6CD3681E2543E1005E3AF4 /* Assets.xcassets */; };
		7D6CD36C1E2543E1005E3AF4 /* LaunchScreen.storyboard in Resources */ = {isa = PBXBuildFile; fileRef = 7D6CD36A1E2543E1005E3AF4 /* LaunchScreen.storyboard */; };
		7D6CD3771E2543E1005E3AF4 /* FunWithFunctionsTests.swift in Sources */ = {isa = PBXBuildFile; fileRef = 7D6CD3761E2543E1005E3AF4 /* FunWithFunctionsTests.swift */; };
		7D6CD3821E25446D005E3AF4 /* Functions.swift in Sources */ = {isa = PBXBuildFile; fileRef = 7D6CD3811E25446D005E3AF4 /* Functions.swift */; };
/* End PBXBuildFile section */

/* Begin PBXContainerItemProxy section */
		7D6CD3731E2543E1005E3AF4 /* PBXContainerItemProxy */ = {
			isa = PBXContainerItemProxy;
			containerPortal = 7D6CD3561E2543E1005E3AF4 /* Project object */;
			proxyType = 1;
			remoteGlobalIDString = 7D6CD35D1E2543E1005E3AF4;
			remoteInfo = FunWithFunctions;
		};
/* End PBXContainerItemProxy section */

/* Begin PBXFileReference section */
		7D6CD35E1E2543E1005E3AF4 /* FunWithFunctions.app */ = {isa = PBXFileReference; explicitFileType = wrapper.application; includeInIndex = 0; path = FunWithFunctions.app; sourceTree = BUILT_PRODUCTS_DIR; };
		7D6CD3611E2543E1005E3AF4 /* AppDelegate.swift */ = {isa = PBXFileReference; lastKnownFileType = sourcecode.swift; path = AppDelegate.swift; sourceTree = "<group>"; };
		7D6CD3631E2543E1005E3AF4 /* ViewController.swift */ = {isa = PBXFileReference; lastKnownFileType = sourcecode.swift; path = ViewController.swift; sourceTree = "<group>"; };
		7D6CD3661E2543E1005E3AF4 /* Base */ = {isa = PBXFileReference; lastKnownFileType = file.storyboard; name = Base; path = Base.lproj/Main.storyboard; sourceTree = "<group>"; };
		7D6CD3681E2543E1005E3AF4 /* Assets.xcassets */ = {isa = PBXFileReference; lastKnownFileType = folder.assetcatalog; path = Assets.xcassets; sourceTree = "<group>"; };
		7D6CD36B1E2543E1005E3AF4 /* Base */ = {isa = PBXFileReference; lastKnownFileType = file.storyboard; name = Base; path = Base.lproj/LaunchScreen.storyboard; sourceTree = "<group>"; };
		7D6CD36D1E2543E1005E3AF4 /* Info.plist */ = {isa = PBXFileReference; lastKnownFileType = text.plist.xml; path = Info.plist; sourceTree = "<group>"; };
		7D6CD3721E2543E1005E3AF4 /* FunWithFunctionsTests.xctest */ = {isa = PBXFileReference; explicitFileType = wrapper.cfbundle; includeInIndex = 0; path = FunWithFunctionsTests.xctest; sourceTree = BUILT_PRODUCTS_DIR; };
		7D6CD3761E2543E1005E3AF4 /* FunWithFunctionsTests.swift */ = {isa = PBXFileReference; lastKnownFileType = sourcecode.swift; path = FunWithFunctionsTests.swift; sourceTree = "<group>"; };
		7D6CD3781E2543E1005E3AF4 /* Info.plist */ = {isa = PBXFileReference; lastKnownFileType = text.plist.xml; path = Info.plist; sourceTree = "<group>"; };
		7D6CD3811E25446D005E3AF4 /* Functions.swift */ = {isa = PBXFileReference; fileEncoding = 4; lastKnownFileType = sourcecode.swift; path = Functions.swift; sourceTree = "<group>"; };
/* End PBXFileReference section */

/* Begin PBXFrameworksBuildPhase section */
		7D6CD35B1E2543E1005E3AF4 /* Frameworks */ = {
			isa = PBXFrameworksBuildPhase;
			buildActionMask = 2147483647;
			files = (
			);
			runOnlyForDeploymentPostprocessing = 0;
		};
		7D6CD36F1E2543E1005E3AF4 /* Frameworks */ = {
			isa = PBXFrameworksBuildPhase;
			buildActionMask = 2147483647;
			files = (
			);
			runOnlyForDeploymentPostprocessing = 0;
		};
/* End PBXFrameworksBuildPhase section */

/* Begin PBXGroup section */
		7D6CD3551E2543E1005E3AF4 = {
			isa = PBXGroup;
			children = (
				7D6CD3601E2543E1005E3AF4 /* FunWithFunctions */,
				7D6CD3751E2543E1005E3AF4 /* FunWithFunctionsTests */,
				7D6CD35F1E2543E1005E3AF4 /* Products */,
			);
			sourceTree = "<group>";
		};
		7D6CD35F1E2543E1005E3AF4 /* Products */ = {
			isa = PBXGroup;
			children = (
				7D6CD35E1E2543E1005E3AF4 /* FunWithFunctions.app */,
				7D6CD3721E2543E1005E3AF4 /* FunWithFunctionsTests.xctest */,
			);
			name = Products;
			sourceTree = "<group>";
		};
		7D6CD3601E2543E1005E3AF4 /* FunWithFunctions */ = {
			isa = PBXGroup;
			children = (
				7D6CD3811E25446D005E3AF4 /* Functions.swift */,
				7D6CD3831E25462E005E3AF4 /* Supporting Files */,
			);
			path = FunWithFunctions;
			sourceTree = "<group>";
		};
		7D6CD3751E2543E1005E3AF4 /* FunWithFunctionsTests */ = {
			isa = PBXGroup;
			children = (
				7D6CD3761E2543E1005E3AF4 /* FunWithFunctionsTests.swift */,
				7D6CD3781E2543E1005E3AF4 /* Info.plist */,
			);
			path = FunWithFunctionsTests;
			sourceTree = "<group>";
		};
		7D6CD3831E25462E005E3AF4 /* Supporting Files */ = {
			isa = PBXGroup;
			children = (
				7D6CD3611E2543E1005E3AF4 /* AppDelegate.swift */,
				7D6CD3631E2543E1005E3AF4 /* ViewController.swift */,
				7D6CD3651E2543E1005E3AF4 /* Main.storyboard */,
				7D6CD3681E2543E1005E3AF4 /* Assets.xcassets */,
				7D6CD36A1E2543E1005E3AF4 /* LaunchScreen.storyboard */,
				7D6CD36D1E2543E1005E3AF4 /* Info.plist */,
			);
			name = "Supporting Files";
			sourceTree = "<group>";
		};
/* End PBXGroup section */

/* Begin PBXNativeTarget section */
		7D6CD35D1E2543E1005E3AF4 /* FunWithFunctions */ = {
			isa = PBXNativeTarget;
			buildConfigurationList = 7D6CD37B1E2543E1005E3AF4 /* Build configuration list for PBXNativeTarget "FunWithFunctions" */;
			buildPhases = (
				7D6CD35A1E2543E1005E3AF4 /* Sources */,
				7D6CD35B1E2543E1005E3AF4 /* Frameworks */,
				7D6CD35C1E2543E1005E3AF4 /* Resources */,
			);
			buildRules = (
			);
			dependencies = (
			);
			name = FunWithFunctions;
			productName = FunWithFunctions;
			productReference = 7D6CD35E1E2543E1005E3AF4 /* FunWithFunctions.app */;
			productType = "com.apple.product-type.application";
		};
		7D6CD3711E2543E1005E3AF4 /* FunWithFunctionsTests */ = {
			isa = PBXNativeTarget;
			buildConfigurationList = 7D6CD37E1E2543E1005E3AF4 /* Build configuration list for PBXNativeTarget "FunWithFunctionsTests" */;
			buildPhases = (
				7D6CD36E1E2543E1005E3AF4 /* Sources */,
				7D6CD36F1E2543E1005E3AF4 /* Frameworks */,
				7D6CD3701E2543E1005E3AF4 /* Resources */,
			);
			buildRules = (
			);
			dependencies = (
				7D6CD3741E2543E1005E3AF4 /* PBXTargetDependency */,
			);
			name = FunWithFunctionsTests;
			productName = FunWithFunctionsTests;
			productReference = 7D6CD3721E2543E1005E3AF4 /* FunWithFunctionsTests.xctest */;
			productType = "com.apple.product-type.bundle.unit-test";
		};
/* End PBXNativeTarget section */

/* Begin PBXProject section */
		7D6CD3561E2543E1005E3AF4 /* Project object */ = {
			isa = PBXProject;
			attributes = {
				LastSwiftUpdateCheck = 0820;
				LastUpgradeCheck = 0820;
				ORGANIZATIONNAME = "Jim Campagno";
				TargetAttributes = {
					7D6CD35D1E2543E1005E3AF4 = {
						CreatedOnToolsVersion = 8.2.1;
						DevelopmentTeam = BT6SS5GUF3;
						ProvisioningStyle = Automatic;
					};
					7D6CD3711E2543E1005E3AF4 = {
						CreatedOnToolsVersion = 8.2.1;
						ProvisioningStyle = Automatic;
						TestTargetID = 7D6CD35D1E2543E1005E3AF4;
					};
				};
			};
			buildConfigurationList = 7D6CD3591E2543E1005E3AF4 /* Build configuration list for PBXProject "FunWithFunctions" */;
			compatibilityVersion = "Xcode 3.2";
			developmentRegion = English;
			hasScannedForEncodings = 0;
			knownRegions = (
				en,
				Base,
			);
			mainGroup = 7D6CD3551E2543E1005E3AF4;
			productRefGroup = 7D6CD35F1E2543E1005E3AF4 /* Products */;
			projectDirPath = "";
			projectRoot = "";
			targets = (
				7D6CD35D1E2543E1005E3AF4 /* FunWithFunctions */,
				7D6CD3711E2543E1005E3AF4 /* FunWithFunctionsTests */,
			);
		};
/* End PBXProject section */

/* Begin PBXResourcesBuildPhase section */
		7D6CD35C1E2543E1005E3AF4 /* Resources */ = {
			isa = PBXResourcesBuildPhase;
			buildActionMask = 2147483647;
			files = (
				7D6CD36C1E2543E1005E3AF4 /* LaunchScreen.storyboard in Resources */,
				7D6CD3691E2543E1005E3AF4 /* Assets.xcassets in Resources */,
				7D6CD3671E2543E1005E3AF4 /* Main.storyboard in Resources */,
			);
			runOnlyForDeploymentPostprocessing = 0;
		};
		7D6CD3701E2543E1005E3AF4 /* Resources */ = {
			isa = PBXResourcesBuildPhase;
			buildActionMask = 2147483647;
			files = (
			);
			runOnlyForDeploymentPostprocessing = 0;
		};
/* End PBXResourcesBuildPhase section */

/* Begin PBXSourcesBuildPhase section */
		7D6CD35A1E2543E1005E3AF4 /* Sources */ = {
			isa = PBXSourcesBuildPhase;
			buildActionMask = 2147483647;
			files = (
				7D6CD3641E2543E1005E3AF4 /* ViewController.swift in Sources */,
				7D6CD3621E2543E1005E3AF4 /* AppDelegate.swift in Sources */,
				7D6CD3821E25446D005E3AF4 /* Functions.swift in Sources */,
			);
			runOnlyForDeploymentPostprocessing = 0;
		};
		7D6CD36E1E2543E1005E3AF4 /* Sources */ = {
			isa = PBXSourcesBuildPhase;
			buildActionMask = 2147483647;
			files = (
				7D6CD3771E2543E1005E3AF4 /* FunWithFunctionsTests.swift in Sources */,
			);
			runOnlyForDeploymentPostprocessing = 0;
		};
/* End PBXSourcesBuildPhase section */

/* Begin PBXTargetDependency section */
		7D6CD3741E2543E1005E3AF4 /* PBXTargetDependency */ = {
			isa = PBXTargetDependency;
			target = 7D6CD35D1E2543E1005E3AF4 /* FunWithFunctions */;
			targetProxy = 7D6CD3731E2543E1005E3AF4 /* PBXContainerItemProxy */;
		};
/* End PBXTargetDependency section */

/* Begin PBXVariantGroup section */
		7D6CD3651E2543E1005E3AF4 /* Main.storyboard */ = {
			isa = PBXVariantGroup;
			children = (
				7D6CD3661E2543E1005E3AF4 /* Base */,
			);
			name = Main.storyboard;
			sourceTree = "<group>";
		};
		7D6CD36A1E2543E1005E3AF4 /* LaunchScreen.storyboard */ = {
			isa = PBXVariantGroup;
			children = (
				7D6CD36B1E2543E1005E3AF4 /* Base */,
			);
			name = LaunchScreen.storyboard;
			sourceTree = "<group>";
		};
/* End PBXVariantGroup section */

/* Begin XCBuildConfiguration section */
		7D6CD3791E2543E1005E3AF4 /* Debug */ = {
			isa = XCBuildConfiguration;
			buildSettings = {
				ALWAYS_SEARCH_USER_PATHS = NO;
				CLANG_ANALYZER_NONNULL = YES;
				CLANG_CXX_LANGUAGE_STANDARD = "gnu++0x";
				CLANG_CXX_LIBRARY = "libc++";
				CLANG_ENABLE_MODULES = YES;
				CLANG_ENABLE_OBJC_ARC = YES;
				CLANG_WARN_BOOL_CONVERSION = YES;
				CLANG_WARN_CONSTANT_CONVERSION = YES;
				CLANG_WARN_DIRECT_OBJC_ISA_USAGE = YES_ERROR;
				CLANG_WARN_DOCUMENTATION_COMMENTS = YES;
				CLANG_WARN_EMPTY_BODY = YES;
				CLANG_WARN_ENUM_CONVERSION = YES;
				CLANG_WARN_INFINITE_RECURSION = YES;
				CLANG_WARN_INT_CONVERSION = YES;
				CLANG_WARN_OBJC_ROOT_CLASS = YES_ERROR;
				CLANG_WARN_SUSPICIOUS_MOVE = YES;
				CLANG_WARN_UNREACHABLE_CODE = YES;
				CLANG_WARN__DUPLICATE_METHOD_MATCH = YES;
				"CODE_SIGN_IDENTITY[sdk=iphoneos*]" = "iPhone Developer";
				COPY_PHASE_STRIP = NO;
				DEBUG_INFORMATION_FORMAT = dwarf;
				ENABLE_STRICT_OBJC_MSGSEND = YES;
				ENABLE_TESTABILITY = YES;
				GCC_C_LANGUAGE_STANDARD = gnu99;
				GCC_DYNAMIC_NO_PIC = NO;
				GCC_NO_COMMON_BLOCKS = YES;
				GCC_OPTIMIZATION_LEVEL = 0;
				GCC_PREPROCESSOR_DEFINITIONS = (
					"DEBUG=1",
					"$(inherited)",
				);
				GCC_WARN_64_TO_32_BIT_CONVERSION = YES;
				GCC_WARN_ABOUT_RETURN_TYPE = YES_ERROR;
				GCC_WARN_UNDECLARED_SELECTOR = YES;
				GCC_WARN_UNINITIALIZED_AUTOS = YES_AGGRESSIVE;
				GCC_WARN_UNUSED_FUNCTION = YES;
				GCC_WARN_UNUSED_VARIABLE = YES;
				IPHONEOS_DEPLOYMENT_TARGET = 10.2;
				MTL_ENABLE_DEBUG_INFO = YES;
				ONLY_ACTIVE_ARCH = YES;
				SDKROOT = iphoneos;
				SWIFT_ACTIVE_COMPILATION_CONDITIONS = DEBUG;
				SWIFT_OPTIMIZATION_LEVEL = "-Onone";
			};
			name = Debug;
		};
		7D6CD37A1E2543E1005E3AF4 /* Release */ = {
			isa = XCBuildConfiguration;
			buildSettings = {
				ALWAYS_SEARCH_USER_PATHS = NO;
				CLANG_ANALYZER_NONNULL = YES;
				CLANG_CXX_LANGUAGE_STANDARD = "gnu++0x";
				CLANG_CXX_LIBRARY = "libc++";
				CLANG_ENABLE_MODULES = YES;
				CLANG_ENABLE_OBJC_ARC = YES;
				CLANG_WARN_BOOL_CONVERSION = YES;
				CLANG_WARN_CONSTANT_CONVERSION = YES;
				CLANG_WARN_DIRECT_OBJC_ISA_USAGE = YES_ERROR;
				CLANG_WARN_DOCUMENTATION_COMMENTS = YES;
				CLANG_WARN_EMPTY_BODY = YES;
				CLANG_WARN_ENUM_CONVERSION = YES;
				CLANG_WARN_INFINITE_RECURSION = YES;
				CLANG_WARN_INT_CONVERSION = YES;
				CLANG_WARN_OBJC_ROOT_CLASS = YES_ERROR;
				CLANG_WARN_SUSPICIOUS_MOVE = YES;
				CLANG_WARN_UNREACHABLE_CODE = YES;
				CLANG_WARN__DUPLICATE_METHOD_MATCH = YES;
				"CODE_SIGN_IDENTITY[sdk=iphoneos*]" = "iPhone Developer";
				COPY_PHASE_STRIP = NO;
				DEBUG_INFORMATION_FORMAT = "dwarf-with-dsym";
				ENABLE_NS_ASSERTIONS = NO;
				ENABLE_STRICT_OBJC_MSGSEND = YES;
				GCC_C_LANGUAGE_STANDARD = gnu99;
				GCC_NO_COMMON_BLOCKS = YES;
				GCC_WARN_64_TO_32_BIT_CONVERSION = YES;
				GCC_WARN_ABOUT_RETURN_TYPE = YES_ERROR;
				GCC_WARN_UNDECLARED_SELECTOR = YES;
				GCC_WARN_UNINITIALIZED_AUTOS = YES_AGGRESSIVE;
				GCC_WARN_UNUSED_FUNCTION = YES;
				GCC_WARN_UNUSED_VARIABLE = YES;
				IPHONEOS_DEPLOYMENT_TARGET = 10.2;
				MTL_ENABLE_DEBUG_INFO = NO;
				SDKROOT = iphoneos;
				SWIFT_OPTIMIZATION_LEVEL = "-Owholemodule";
				VALIDATE_PRODUCT = YES;
			};
			name = Release;
		};
		7D6CD37C1E2543E1005E3AF4 /* Debug */ = {
			isa = XCBuildConfiguration;
			buildSettings = {
				ASSETCATALOG_COMPILER_APPICON_NAME = AppIcon;
				DEVELOPMENT_TEAM = BT6SS5GUF3;
				INFOPLIST_FILE = FunWithFunctions/Info.plist;
				IPHONEOS_DEPLOYMENT_TARGET = 8;
				LD_RUNPATH_SEARCH_PATHS = "$(inherited) @executable_path/Frameworks";
				PRODUCT_BUNDLE_IDENTIFIER = com.JimCampagno.Swift.FunWithFunctions;
				PRODUCT_NAME = "$(TARGET_NAME)";
				SWIFT_VERSION = 3.0;
			};
			name = Debug;
		};
		7D6CD37D1E2543E1005E3AF4 /* Release */ = {
			isa = XCBuildConfiguration;
			buildSettings = {
				ASSETCATALOG_COMPILER_APPICON_NAME = AppIcon;
				DEVELOPMENT_TEAM = BT6SS5GUF3;
				INFOPLIST_FILE = FunWithFunctions/Info.plist;
				IPHONEOS_DEPLOYMENT_TARGET = 8;
				LD_RUNPATH_SEARCH_PATHS = "$(inherited) @executable_path/Frameworks";
				PRODUCT_BUNDLE_IDENTIFIER = com.JimCampagno.Swift.FunWithFunctions;
				PRODUCT_NAME = "$(TARGET_NAME)";
				SWIFT_VERSION = 3.0;
			};
			name = Release;
		};
		7D6CD37F1E2543E1005E3AF4 /* Debug */ = {
			isa = XCBuildConfiguration;
			buildSettings = {
				ALWAYS_EMBED_SWIFT_STANDARD_LIBRARIES = YES;
				BUNDLE_LOADER = "$(TEST_HOST)";
				INFOPLIST_FILE = FunWithFunctionsTests/Info.plist;
				LD_RUNPATH_SEARCH_PATHS = "$(inherited) @executable_path/Frameworks @loader_path/Frameworks";
				PRODUCT_BUNDLE_IDENTIFIER = com.JimCampagno.Swift.FunWithFunctionsTests;
				PRODUCT_NAME = "$(TARGET_NAME)";
				SWIFT_VERSION = 3.0;
				TEST_HOST = "$(BUILT_PRODUCTS_DIR)/FunWithFunctions.app/FunWithFunctions";
			};
			name = Debug;
		};
		7D6CD3801E2543E1005E3AF4 /* Release */ = {
			isa = XCBuildConfiguration;
			buildSettings = {
				ALWAYS_EMBED_SWIFT_STANDARD_LIBRARIES = YES;
				BUNDLE_LOADER = "$(TEST_HOST)";
				INFOPLIST_FILE = FunWithFunctionsTests/Info.plist;
				LD_RUNPATH_SEARCH_PATHS = "$(inherited) @executable_path/Frameworks @loader_path/Frameworks";
				PRODUCT_BUNDLE_IDENTIFIER = com.JimCampagno.Swift.FunWithFunctionsTests;
				PRODUCT_NAME = "$(TARGET_NAME)";
				SWIFT_VERSION = 3.0;
				TEST_HOST = "$(BUILT_PRODUCTS_DIR)/FunWithFunctions.app/FunWithFunctions";
			};
			name = Release;
		};
/* End XCBuildConfiguration section */

/* Begin XCConfigurationList section */
		7D6CD3591E2543E1005E3AF4 /* Build configuration list for PBXProject "FunWithFunctions" */ = {
			isa = XCConfigurationList;
			buildConfigurations = (
				7D6CD3791E2543E1005E3AF4 /* Debug */,
				7D6CD37A1E2543E1005E3AF4 /* Release */,
			);
			defaultConfigurationIsVisible = 0;
			defaultConfigurationName = Release;
		};
		7D6CD37B1E2543E1005E3AF4 /* Build configuration list for PBXNativeTarget "FunWithFunctions" */ = {
			isa = XCConfigurationList;
			buildConfigurations = (
				7D6CD37C1E2543E1005E3AF4 /* Debug */,
				7D6CD37D1E2543E1005E3AF4 /* Release */,
			);
			defaultConfigurationIsVisible = 0;
			defaultConfigurationName = Release;
		};
		7D6CD37E1E2543E1005E3AF4 /* Build configuration list for PBXNativeTarget "FunWithFunctionsTests" */ = {
			isa = XCConfigurationList;
			buildConfigurations = (
				7D6CD37F1E2543E1005E3AF4 /* Debug */,
				7D6CD3801E2543E1005E3AF4 /* Release */,
			);
			defaultConfigurationIsVisible = 0;
			defaultConfigurationName = Release;
		};
/* End XCConfigurationList section */
	};
	rootObject = 7D6CD3561E2543E1005E3AF4 /* Project object */;
}
